// !$*UTF8*$!
{
	archiveVersion = 1;
	classes = {
	};
	objectVersion = 51;
	objects = {

/* Begin PBXBuildFile section */
		38FA115F5C7EC1DFE6E36F25 /* Pods_ChatTestApp.framework in Frameworks */ = {isa = PBXBuildFile; fileRef = 9B48804979A05A70A8702A9D /* Pods_ChatTestApp.framework */; };
		8B6BF96B24A09F6D007FE313 /* TestChatViewController.swift in Sources */ = {isa = PBXBuildFile; fileRef = 8B6BF96A24A09F6D007FE313 /* TestChatViewController.swift */; };
		8BF0249D249BA73500BCB6E9 /* ApplicationSettings.swift in Sources */ = {isa = PBXBuildFile; fileRef = 8BF0249C249BA73500BCB6E9 /* ApplicationSettings.swift */; };
		8BF024A1249BAAC300BCB6E9 /* ViewBuilder.swift in Sources */ = {isa = PBXBuildFile; fileRef = 8BF024A0249BAAC300BCB6E9 /* ViewBuilder.swift */; };
		8BF024A3249BB10B00BCB6E9 /* ChatViewController.swift in Sources */ = {isa = PBXBuildFile; fileRef = 8BF024A2249BB10B00BCB6E9 /* ChatViewController.swift */; };
		8BF024A7249BCD6400BCB6E9 /* Channel.swift in Sources */ = {isa = PBXBuildFile; fileRef = 8BF024A6249BCD6400BCB6E9 /* Channel.swift */; };
		8BF024AB249C12A200BCB6E9 /* DatabaseRepresentation.swift in Sources */ = {isa = PBXBuildFile; fileRef = 8BF024AA249C12A200BCB6E9 /* DatabaseRepresentation.swift */; };
		8BF024AD249C19DB00BCB6E9 /* Message.swift in Sources */ = {isa = PBXBuildFile; fileRef = 8BF024AC249C19DB00BCB6E9 /* Message.swift */; };
		8BF024AF249C1CFD00BCB6E9 /* Utils.swift in Sources */ = {isa = PBXBuildFile; fileRef = 8BF024AE249C1CFD00BCB6E9 /* Utils.swift */; };
		B358BD7A249BA24A00DDC515 /* GoogleService-Info.plist in Resources */ = {isa = PBXBuildFile; fileRef = B358BD79249BA24A00DDC515 /* GoogleService-Info.plist */; };
		B3BEE5ED249B9768009B012C /* AppDelegate.swift in Sources */ = {isa = PBXBuildFile; fileRef = B3BEE5EC249B9768009B012C /* AppDelegate.swift */; };
		B3BEE5F1249B9768009B012C /* ViewController.swift in Sources */ = {isa = PBXBuildFile; fileRef = B3BEE5F0249B9768009B012C /* ViewController.swift */; };
		B3BEE5F6249B9769009B012C /* Assets.xcassets in Resources */ = {isa = PBXBuildFile; fileRef = B3BEE5F5249B9769009B012C /* Assets.xcassets */; };
		B3BEE5F9249B9769009B012C /* LaunchScreen.storyboard in Resources */ = {isa = PBXBuildFile; fileRef = B3BEE5F7249B9769009B012C /* LaunchScreen.storyboard */; };
/* End PBXBuildFile section */

/* Begin PBXFileReference section */
		09C5E3B4BB22ABFC4F65B998 /* Pods-ChatTestApp.debug.xcconfig */ = {isa = PBXFileReference; includeInIndex = 1; lastKnownFileType = text.xcconfig; name = "Pods-ChatTestApp.debug.xcconfig"; path = "Target Support Files/Pods-ChatTestApp/Pods-ChatTestApp.debug.xcconfig"; sourceTree = "<group>"; };
		16EE23165848326B8E9200CA /* Pods-ChatTestApp.release.xcconfig */ = {isa = PBXFileReference; includeInIndex = 1; lastKnownFileType = text.xcconfig; name = "Pods-ChatTestApp.release.xcconfig"; path = "Target Support Files/Pods-ChatTestApp/Pods-ChatTestApp.release.xcconfig"; sourceTree = "<group>"; };
		8B6BF96A24A09F6D007FE313 /* TestChatViewController.swift */ = {isa = PBXFileReference; lastKnownFileType = sourcecode.swift; path = TestChatViewController.swift; sourceTree = "<group>"; };
		8BF0249C249BA73500BCB6E9 /* ApplicationSettings.swift */ = {isa = PBXFileReference; lastKnownFileType = sourcecode.swift; path = ApplicationSettings.swift; sourceTree = "<group>"; };
		8BF024A0249BAAC300BCB6E9 /* ViewBuilder.swift */ = {isa = PBXFileReference; lastKnownFileType = sourcecode.swift; path = ViewBuilder.swift; sourceTree = "<group>"; };
		8BF024A2249BB10B00BCB6E9 /* ChatViewController.swift */ = {isa = PBXFileReference; lastKnownFileType = sourcecode.swift; path = ChatViewController.swift; sourceTree = "<group>"; };
		8BF024A6249BCD6400BCB6E9 /* Channel.swift */ = {isa = PBXFileReference; lastKnownFileType = sourcecode.swift; path = Channel.swift; sourceTree = "<group>"; };
		8BF024AA249C12A200BCB6E9 /* DatabaseRepresentation.swift */ = {isa = PBXFileReference; lastKnownFileType = sourcecode.swift; path = DatabaseRepresentation.swift; sourceTree = "<group>"; };
		8BF024AC249C19DB00BCB6E9 /* Message.swift */ = {isa = PBXFileReference; lastKnownFileType = sourcecode.swift; path = Message.swift; sourceTree = "<group>"; };
		8BF024AE249C1CFD00BCB6E9 /* Utils.swift */ = {isa = PBXFileReference; lastKnownFileType = sourcecode.swift; path = Utils.swift; sourceTree = "<group>"; };
		9B48804979A05A70A8702A9D /* Pods_ChatTestApp.framework */ = {isa = PBXFileReference; explicitFileType = wrapper.framework; includeInIndex = 0; path = Pods_ChatTestApp.framework; sourceTree = BUILT_PRODUCTS_DIR; };
		B358BD79249BA24A00DDC515 /* GoogleService-Info.plist */ = {isa = PBXFileReference; fileEncoding = 4; lastKnownFileType = text.plist.xml; path = "GoogleService-Info.plist"; sourceTree = "<group>"; };
		B3BEE5E9249B9767009B012C /* ChatTestApp.app */ = {isa = PBXFileReference; explicitFileType = wrapper.application; includeInIndex = 0; path = ChatTestApp.app; sourceTree = BUILT_PRODUCTS_DIR; };
		B3BEE5EC249B9768009B012C /* AppDelegate.swift */ = {isa = PBXFileReference; lastKnownFileType = sourcecode.swift; path = AppDelegate.swift; sourceTree = "<group>"; };
		B3BEE5F0249B9768009B012C /* ViewController.swift */ = {isa = PBXFileReference; lastKnownFileType = sourcecode.swift; path = ViewController.swift; sourceTree = "<group>"; };
		B3BEE5F5249B9769009B012C /* Assets.xcassets */ = {isa = PBXFileReference; lastKnownFileType = folder.assetcatalog; path = Assets.xcassets; sourceTree = "<group>"; };
		B3BEE5F8249B9769009B012C /* Base */ = {isa = PBXFileReference; lastKnownFileType = file.storyboard; name = Base; path = Base.lproj/LaunchScreen.storyboard; sourceTree = "<group>"; };
		B3BEE5FA249B9769009B012C /* Info.plist */ = {isa = PBXFileReference; lastKnownFileType = text.plist.xml; path = Info.plist; sourceTree = "<group>"; };
/* End PBXFileReference section */

/* Begin PBXFrameworksBuildPhase section */
		B3BEE5E6249B9767009B012C /* Frameworks */ = {
			isa = PBXFrameworksBuildPhase;
			buildActionMask = 2147483647;
			files = (
				38FA115F5C7EC1DFE6E36F25 /* Pods_ChatTestApp.framework in Frameworks */,
			);
			runOnlyForDeploymentPostprocessing = 0;
		};
/* End PBXFrameworksBuildPhase section */

/* Begin PBXGroup section */
		B3BEE5E0249B9767009B012C = {
			isa = PBXGroup;
			children = (
				B3BEE5EB249B9767009B012C /* ChatTestApp */,
				B3BEE5EA249B9767009B012C /* Products */,
				CA08BF609167CEBFDDEF20CF /* Pods */,
				E2C4056AE5116F8CAD7E2789 /* Frameworks */,
			);
			sourceTree = "<group>";
		};
		B3BEE5EA249B9767009B012C /* Products */ = {
			isa = PBXGroup;
			children = (
				B3BEE5E9249B9767009B012C /* ChatTestApp.app */,
			);
			name = Products;
			sourceTree = "<group>";
		};
		B3BEE5EB249B9767009B012C /* ChatTestApp */ = {
			isa = PBXGroup;
			children = (
				B3BEE5EC249B9768009B012C /* AppDelegate.swift */,
				B3BEE5F0249B9768009B012C /* ViewController.swift */,
				8BF024A2249BB10B00BCB6E9 /* ChatViewController.swift */,
				8BF024AE249C1CFD00BCB6E9 /* Utils.swift */,
				8BF024AA249C12A200BCB6E9 /* DatabaseRepresentation.swift */,
				8BF024AC249C19DB00BCB6E9 /* Message.swift */,
				8B6BF96A24A09F6D007FE313 /* TestChatViewController.swift */,
				8BF024A6249BCD6400BCB6E9 /* Channel.swift */,
				B3BEE5F5249B9769009B012C /* Assets.xcassets */,
				B3BEE5F7249B9769009B012C /* LaunchScreen.storyboard */,
				B358BD79249BA24A00DDC515 /* GoogleService-Info.plist */,
				B3BEE5FA249B9769009B012C /* Info.plist */,
				8BF0249C249BA73500BCB6E9 /* ApplicationSettings.swift */,
				8BF024A0249BAAC300BCB6E9 /* ViewBuilder.swift */,
			);
			path = ChatTestApp;
			sourceTree = "<group>";
		};
		CA08BF609167CEBFDDEF20CF /* Pods */ = {
			isa = PBXGroup;
			children = (
				09C5E3B4BB22ABFC4F65B998 /* Pods-ChatTestApp.debug.xcconfig */,
				16EE23165848326B8E9200CA /* Pods-ChatTestApp.release.xcconfig */,
			);
			path = Pods;
			sourceTree = "<group>";
		};
		E2C4056AE5116F8CAD7E2789 /* Frameworks */ = {
			isa = PBXGroup;
			children = (
				9B48804979A05A70A8702A9D /* Pods_ChatTestApp.framework */,
			);
			name = Frameworks;
			sourceTree = "<group>";
		};
/* End PBXGroup section */

/* Begin PBXNativeTarget section */
		B3BEE5E8249B9767009B012C /* ChatTestApp */ = {
			isa = PBXNativeTarget;
			buildConfigurationList = B3BEE5FD249B9769009B012C /* Build configuration list for PBXNativeTarget "ChatTestApp" */;
			buildPhases = (
				EA9AEE25F8C36AB1C86BD7C5 /* [CP] Check Pods Manifest.lock */,
				B3BEE5E5249B9767009B012C /* Sources */,
				B3BEE5E6249B9767009B012C /* Frameworks */,
				B3BEE5E7249B9767009B012C /* Resources */,
				45E00A5452226A670566377F /* [CP] Embed Pods Frameworks */,
			);
			buildRules = (
			);
			dependencies = (
			);
			name = ChatTestApp;
			productName = ChatTestApp;
			productReference = B3BEE5E9249B9767009B012C /* ChatTestApp.app */;
			productType = "com.apple.product-type.application";
		};
/* End PBXNativeTarget section */

/* Begin PBXProject section */
		B3BEE5E1249B9767009B012C /* Project object */ = {
			isa = PBXProject;
			attributes = {
				LastSwiftUpdateCheck = 1150;
				LastUpgradeCheck = 1150;
				ORGANIZATIONNAME = iTechArt;
				TargetAttributes = {
					B3BEE5E8249B9767009B012C = {
						CreatedOnToolsVersion = 11.5;
					};
				};
			};
			buildConfigurationList = B3BEE5E4249B9767009B012C /* Build configuration list for PBXProject "ChatTestApp" */;
			compatibilityVersion = "Xcode 9.3";
			developmentRegion = en;
			hasScannedForEncodings = 0;
			knownRegions = (
				en,
				Base,
			);
			mainGroup = B3BEE5E0249B9767009B012C;
			productRefGroup = B3BEE5EA249B9767009B012C /* Products */;
			projectDirPath = "";
			projectRoot = "";
			targets = (
				B3BEE5E8249B9767009B012C /* ChatTestApp */,
			);
		};
/* End PBXProject section */

/* Begin PBXResourcesBuildPhase section */
		B3BEE5E7249B9767009B012C /* Resources */ = {
			isa = PBXResourcesBuildPhase;
			buildActionMask = 2147483647;
			files = (
				B3BEE5F9249B9769009B012C /* LaunchScreen.storyboard in Resources */,
				B3BEE5F6249B9769009B012C /* Assets.xcassets in Resources */,
				B358BD7A249BA24A00DDC515 /* GoogleService-Info.plist in Resources */,
			);
			runOnlyForDeploymentPostprocessing = 0;
		};
/* End PBXResourcesBuildPhase section */

/* Begin PBXShellScriptBuildPhase section */
		45E00A5452226A670566377F /* [CP] Embed Pods Frameworks */ = {
			isa = PBXShellScriptBuildPhase;
			buildActionMask = 2147483647;
			files = (
			);
			inputFileListPaths = (
				"${PODS_ROOT}/Target Support Files/Pods-ChatTestApp/Pods-ChatTestApp-frameworks-${CONFIGURATION}-input-files.xcfilelist",
			);
			name = "[CP] Embed Pods Frameworks";
			outputFileListPaths = (
				"${PODS_ROOT}/Target Support Files/Pods-ChatTestApp/Pods-ChatTestApp-frameworks-${CONFIGURATION}-output-files.xcfilelist",
			);
			runOnlyForDeploymentPostprocessing = 0;
			shellPath = /bin/sh;
			shellScript = "\"${PODS_ROOT}/Target Support Files/Pods-ChatTestApp/Pods-ChatTestApp-frameworks.sh\"\n";
			showEnvVarsInLog = 0;
		};
		EA9AEE25F8C36AB1C86BD7C5 /* [CP] Check Pods Manifest.lock */ = {
			isa = PBXShellScriptBuildPhase;
			buildActionMask = 2147483647;
			files = (
			);
			inputFileListPaths = (
			);
			inputPaths = (
				"${PODS_PODFILE_DIR_PATH}/Podfile.lock",
				"${PODS_ROOT}/Manifest.lock",
			);
			name = "[CP] Check Pods Manifest.lock";
			outputFileListPaths = (
			);
			outputPaths = (
				"$(DERIVED_FILE_DIR)/Pods-ChatTestApp-checkManifestLockResult.txt",
			);
			runOnlyForDeploymentPostprocessing = 0;
			shellPath = /bin/sh;
			shellScript = "diff \"${PODS_PODFILE_DIR_PATH}/Podfile.lock\" \"${PODS_ROOT}/Manifest.lock\" > /dev/null\nif [ $? != 0 ] ; then\n    # print error to STDERR\n    echo \"error: The sandbox is not in sync with the Podfile.lock. Run 'pod install' or update your CocoaPods installation.\" >&2\n    exit 1\nfi\n# This output is used by Xcode 'outputs' to avoid re-running this script phase.\necho \"SUCCESS\" > \"${SCRIPT_OUTPUT_FILE_0}\"\n";
			showEnvVarsInLog = 0;
		};
/* End PBXShellScriptBuildPhase section */

/* Begin PBXSourcesBuildPhase section */
		B3BEE5E5249B9767009B012C /* Sources */ = {
			isa = PBXSourcesBuildPhase;
			buildActionMask = 2147483647;
			files = (
				B3BEE5F1249B9768009B012C /* ViewController.swift in Sources */,
				8BF024A7249BCD6400BCB6E9 /* Channel.swift in Sources */,
				8BF024AF249C1CFD00BCB6E9 /* Utils.swift in Sources */,
				B3BEE5ED249B9768009B012C /* AppDelegate.swift in Sources */,
				8BF024A1249BAAC300BCB6E9 /* ViewBuilder.swift in Sources */,
				8BF024A3249BB10B00BCB6E9 /* ChatViewController.swift in Sources */,
				8BF024AD249C19DB00BCB6E9 /* Message.swift in Sources */,
				8BF0249D249BA73500BCB6E9 /* ApplicationSettings.swift in Sources */,
				8B6BF96B24A09F6D007FE313 /* TestChatViewController.swift in Sources */,
				8BF024AB249C12A200BCB6E9 /* DatabaseRepresentation.swift in Sources */,
			);
			runOnlyForDeploymentPostprocessing = 0;
		};
/* End PBXSourcesBuildPhase section */

/* Begin PBXVariantGroup section */
		B3BEE5F7249B9769009B012C /* LaunchScreen.storyboard */ = {
			isa = PBXVariantGroup;
			children = (
				B3BEE5F8249B9769009B012C /* Base */,
			);
			name = LaunchScreen.storyboard;
			sourceTree = "<group>";
		};
/* End PBXVariantGroup section */

/* Begin XCBuildConfiguration section */
		B3BEE5FB249B9769009B012C /* Debug */ = {
			isa = XCBuildConfiguration;
			buildSettings = {
				ALWAYS_SEARCH_USER_PATHS = NO;
				CLANG_ANALYZER_NONNULL = YES;
				CLANG_ANALYZER_NUMBER_OBJECT_CONVERSION = YES_AGGRESSIVE;
				CLANG_CXX_LANGUAGE_STANDARD = "gnu++14";
				CLANG_CXX_LIBRARY = "libc++";
				CLANG_ENABLE_MODULES = YES;
				CLANG_ENABLE_OBJC_ARC = YES;
				CLANG_ENABLE_OBJC_WEAK = YES;
				CLANG_WARN_BLOCK_CAPTURE_AUTORELEASING = YES;
				CLANG_WARN_BOOL_CONVERSION = YES;
				CLANG_WARN_COMMA = YES;
				CLANG_WARN_CONSTANT_CONVERSION = YES;
				CLANG_WARN_DEPRECATED_OBJC_IMPLEMENTATIONS = YES;
				CLANG_WARN_DIRECT_OBJC_ISA_USAGE = YES_ERROR;
				CLANG_WARN_DOCUMENTATION_COMMENTS = YES;
				CLANG_WARN_EMPTY_BODY = YES;
				CLANG_WARN_ENUM_CONVERSION = YES;
				CLANG_WARN_INFINITE_RECURSION = YES;
				CLANG_WARN_INT_CONVERSION = YES;
				CLANG_WARN_NON_LITERAL_NULL_CONVERSION = YES;
				CLANG_WARN_OBJC_IMPLICIT_RETAIN_SELF = YES;
				CLANG_WARN_OBJC_LITERAL_CONVERSION = YES;
				CLANG_WARN_OBJC_ROOT_CLASS = YES_ERROR;
				CLANG_WARN_RANGE_LOOP_ANALYSIS = YES;
				CLANG_WARN_STRICT_PROTOTYPES = YES;
				CLANG_WARN_SUSPICIOUS_MOVE = YES;
				CLANG_WARN_UNGUARDED_AVAILABILITY = YES_AGGRESSIVE;
				CLANG_WARN_UNREACHABLE_CODE = YES;
				CLANG_WARN__DUPLICATE_METHOD_MATCH = YES;
				COPY_PHASE_STRIP = NO;
				DEBUG_INFORMATION_FORMAT = dwarf;
				ENABLE_STRICT_OBJC_MSGSEND = YES;
				ENABLE_TESTABILITY = YES;
				GCC_C_LANGUAGE_STANDARD = gnu11;
				GCC_DYNAMIC_NO_PIC = NO;
				GCC_NO_COMMON_BLOCKS = YES;
				GCC_OPTIMIZATION_LEVEL = 0;
				GCC_PREPROCESSOR_DEFINITIONS = (
					"DEBUG=1",
					"$(inherited)",
				);
				GCC_WARN_64_TO_32_BIT_CONVERSION = YES;
				GCC_WARN_ABOUT_RETURN_TYPE = YES_ERROR;
				GCC_WARN_UNDECLARED_SELECTOR = YES;
				GCC_WARN_UNINITIALIZED_AUTOS = YES_AGGRESSIVE;
				GCC_WARN_UNUSED_FUNCTION = YES;
				GCC_WARN_UNUSED_VARIABLE = YES;
				IPHONEOS_DEPLOYMENT_TARGET = 13.5;
				MTL_ENABLE_DEBUG_INFO = INCLUDE_SOURCE;
				MTL_FAST_MATH = YES;
				ONLY_ACTIVE_ARCH = YES;
				SDKROOT = iphoneos;
				SWIFT_ACTIVE_COMPILATION_CONDITIONS = DEBUG;
				SWIFT_OPTIMIZATION_LEVEL = "-Onone";
			};
			name = Debug;
		};
		B3BEE5FC249B9769009B012C /* Release */ = {
			isa = XCBuildConfiguration;
			buildSettings = {
				ALWAYS_SEARCH_USER_PATHS = NO;
				CLANG_ANALYZER_NONNULL = YES;
				CLANG_ANALYZER_NUMBER_OBJECT_CONVERSION = YES_AGGRESSIVE;
				CLANG_CXX_LANGUAGE_STANDARD = "gnu++14";
				CLANG_CXX_LIBRARY = "libc++";
				CLANG_ENABLE_MODULES = YES;
				CLANG_ENABLE_OBJC_ARC = YES;
				CLANG_ENABLE_OBJC_WEAK = YES;
				CLANG_WARN_BLOCK_CAPTURE_AUTORELEASING = YES;
				CLANG_WARN_BOOL_CONVERSION = YES;
				CLANG_WARN_COMMA = YES;
				CLANG_WARN_CONSTANT_CONVERSION = YES;
				CLANG_WARN_DEPRECATED_OBJC_IMPLEMENTATIONS = YES;
				CLANG_WARN_DIRECT_OBJC_ISA_USAGE = YES_ERROR;
				CLANG_WARN_DOCUMENTATION_COMMENTS = YES;
				CLANG_WARN_EMPTY_BODY = YES;
				CLANG_WARN_ENUM_CONVERSION = YES;
				CLANG_WARN_INFINITE_RECURSION = YES;
				CLANG_WARN_INT_CONVERSION = YES;
				CLANG_WARN_NON_LITERAL_NULL_CONVERSION = YES;
				CLANG_WARN_OBJC_IMPLICIT_RETAIN_SELF = YES;
				CLANG_WARN_OBJC_LITERAL_CONVERSION = YES;
				CLANG_WARN_OBJC_ROOT_CLASS = YES_ERROR;
				CLANG_WARN_RANGE_LOOP_ANALYSIS = YES;
				CLANG_WARN_STRICT_PROTOTYPES = YES;
				CLANG_WARN_SUSPICIOUS_MOVE = YES;
				CLANG_WARN_UNGUARDED_AVAILABILITY = YES_AGGRESSIVE;
				CLANG_WARN_UNREACHABLE_CODE = YES;
				CLANG_WARN__DUPLICATE_METHOD_MATCH = YES;
				COPY_PHASE_STRIP = NO;
				DEBUG_INFORMATION_FORMAT = "dwarf-with-dsym";
				ENABLE_NS_ASSERTIONS = NO;
				ENABLE_STRICT_OBJC_MSGSEND = YES;
				GCC_C_LANGUAGE_STANDARD = gnu11;
				GCC_NO_COMMON_BLOCKS = YES;
				GCC_WARN_64_TO_32_BIT_CONVERSION = YES;
				GCC_WARN_ABOUT_RETURN_TYPE = YES_ERROR;
				GCC_WARN_UNDECLARED_SELECTOR = YES;
				GCC_WARN_UNINITIALIZED_AUTOS = YES_AGGRESSIVE;
				GCC_WARN_UNUSED_FUNCTION = YES;
				GCC_WARN_UNUSED_VARIABLE = YES;
				IPHONEOS_DEPLOYMENT_TARGET = 13.5;
				MTL_ENABLE_DEBUG_INFO = NO;
				MTL_FAST_MATH = YES;
				SDKROOT = iphoneos;
				SWIFT_COMPILATION_MODE = wholemodule;
				SWIFT_OPTIMIZATION_LEVEL = "-O";
				VALIDATE_PRODUCT = YES;
			};
			name = Release;
		};
		B3BEE5FE249B9769009B012C /* Debug */ = {
			isa = XCBuildConfiguration;
			baseConfigurationReference = 09C5E3B4BB22ABFC4F65B998 /* Pods-ChatTestApp.debug.xcconfig */;
			buildSettings = {
				ASSETCATALOG_COMPILER_APPICON_NAME = AppIcon;
				CODE_SIGN_STYLE = Automatic;
				INFOPLIST_FILE = ChatTestApp/Info.plist;
				LD_RUNPATH_SEARCH_PATHS = (
					"$(inherited)",
					"@executable_path/Frameworks",
				);
				PRODUCT_BUNDLE_IDENTIFIER = com.leanidhubarenka.ChatTestApp;
				PRODUCT_NAME = "$(TARGET_NAME)";
				SWIFT_VERSION = 5.0;
				TARGETED_DEVICE_FAMILY = 1;
			};
			name = Debug;
		};
		B3BEE5FF249B9769009B012C /* Release */ = {
			isa = XCBuildConfiguration;
			baseConfigurationReference = 16EE23165848326B8E9200CA /* Pods-ChatTestApp.release.xcconfig */;
			buildSettings = {
				ASSETCATALOG_COMPILER_APPICON_NAME = AppIcon;
				CODE_SIGN_STYLE = Automatic;
				INFOPLIST_FILE = ChatTestApp/Info.plist;
				LD_RUNPATH_SEARCH_PATHS = (
					"$(inherited)",
					"@executable_path/Frameworks",
				);
				PRODUCT_BUNDLE_IDENTIFIER = com.leanidhubarenka.ChatTestApp;
				PRODUCT_NAME = "$(TARGET_NAME)";
				SWIFT_VERSION = 5.0;
				TARGETED_DEVICE_FAMILY = 1;
			};
			name = Release;
		};
/* End XCBuildConfiguration section */

/* Begin XCConfigurationList section */
		B3BEE5E4249B9767009B012C /* Build configuration list for PBXProject "ChatTestApp" */ = {
			isa = XCConfigurationList;
			buildConfigurations = (
				B3BEE5FB249B9769009B012C /* Debug */,
				B3BEE5FC249B9769009B012C /* Release */,
			);
			defaultConfigurationIsVisible = 0;
			defaultConfigurationName = Release;
		};
		B3BEE5FD249B9769009B012C /* Build configuration list for PBXNativeTarget "ChatTestApp" */ = {
			isa = XCConfigurationList;
			buildConfigurations = (
				B3BEE5FE249B9769009B012C /* Debug */,
				B3BEE5FF249B9769009B012C /* Release */,
			);
			defaultConfigurationIsVisible = 0;
			defaultConfigurationName = Release;
		};
/* End XCConfigurationList section */
	};
	rootObject = B3BEE5E1249B9767009B012C /* Project object */;
}
